
Microsoft Visual Studio Solution File, Format Version 12.00
# Visual Studio Version 17
VisualStudioVersion = 17.7.34221.43
MinimumVisualStudioVersion = 10.0.40219.1
Project("{FAE04EC0-301F-11D3-BF4B-00C04F79EFBC}") = "Graphical Programming Language", "Graphical Programming Language\Graphical Programming Language.csproj", "{C531CCF8-F85E-42E3-BE4B-398FF82F217E}"
EndProject
Global
	GlobalSection(SolutionConfigurationPlatforms) = preSolution
		Debug|Any CPU = Debug|Any CPU
		Release|Any CPU = Release|Any CPU
	EndGlobalSection
	GlobalSection(ProjectConfigurationPlatforms) = postSolution
		{C531CCF8-F85E-42E3-BE4B-398FF82F217E}.Debug|Any CPU.ActiveCfg = Debug|Any CPU
		{C531CCF8-F85E-42E3-BE4B-398FF82F217E}.Debug|Any CPU.Build.0 = Debug|Any CPU
		{C531CCF8-F85E-42E3-BE4B-398FF82F217E}.Release|Any CPU.ActiveCfg = Release|Any CPU
		{C531CCF8-F85E-42E3-BE4B-398FF82F217E}.Release|Any CPU.Build.0 = Release|Any CPU
	EndGlobalSection
	GlobalSection(SolutionProperties) = preSolution
		HideSolutionNode = FALSE
	EndGlobalSection
	GlobalSection(ExtensibilityGlobals) = postSolution
		SolutionGuid = {FFEB53DB-F89A-4289-BDAD-447E1AF1DE19}
	EndGlobalSection
EndGlobal
